
Microsoft Visual Studio Solution File, Format Version 12.00
# Visual Studio Version 17
VisualStudioVersion = 17.6.33815.320
MinimumVisualStudioVersion = 10.0.40219.1
Project("{8BC9CEB8-8B4A-11D0-8D11-00A0C91BC942}") = "Lab4_HT", "Lab4_HT\Lab4_HT.vcxproj", "{C8C3BDFC-2DC7-4F17-9BEF-9B209E8F2E02}"
EndProject
Global
	GlobalSection(SolutionConfigurationPlatforms) = preSolution
		Debug|x64 = Debug|x64
		Debug|x86 = Debug|x86
		Release|x64 = Release|x64
		Release|x86 = Release|x86
	EndGlobalSection
	GlobalSection(ProjectConfigurationPlatforms) = postSolution
		{C8C3BDFC-2DC7-4F17-9BEF-9B209E8F2E02}.Debug|x64.ActiveCfg = Debug|x64
		{C8C3BDFC-2DC7-4F17-9BEF-9B209E8F2E02}.Debug|x64.Build.0 = Debug|x64
		{C8C3BDFC-2DC7-4F17-9BEF-9B209E8F2E02}.Debug|x86.ActiveCfg = Debug|Win32
		{C8C3BDFC-2DC7-4F17-9BEF-9B209E8F2E02}.Debug|x86.Build.0 = Debug|Win32
		{C8C3BDFC-2DC7-4F17-9BEF-9B209E8F2E02}.Release|x64.ActiveCfg = Release|x64
		{C8C3BDFC-2DC7-4F17-9BEF-9B209E8F2E02}.Release|x64.Build.0 = Release|x64
		{C8C3BDFC-2DC7-4F17-9BEF-9B209E8F2E02}.Release|x86.ActiveCfg = Release|Win32
		{C8C3BDFC-2DC7-4F17-9BEF-9B209E8F2E02}.Release|x86.Build.0 = Release|Win32
	EndGlobalSection
	GlobalSection(SolutionProperties) = preSolution
		HideSolutionNode = FALSE
	EndGlobalSection
	GlobalSection(ExtensibilityGlobals) = postSolution
		SolutionGuid = {8903C587-3D54-46DE-A499-79C7FC9DF24A}
	EndGlobalSection
EndGlobal
